# THIS IS AN AUTOGENERATED FILE. DO NOT EDIT THIS FILE DIRECTLY.
# yarn lockfile v1


bootstrap@4.0.0-beta:
  version "4.0.0-beta"
  resolved "https://registry.yarnpkg.com/bootstrap/-/bootstrap-4.0.0-beta.tgz#dc5928175d2e71310bc668cf9e05a907211b72a6"

jquery@^3.2.1:
  version "3.2.1"
  resolved "https://registry.yarnpkg.com/jquery/-/jquery-3.2.1.tgz#5c4d9de652af6cd0a770154a631bba12b015c787"

popper.js@^1.12.5:
  version "1.12.5"
  resolved "https://registry.yarnpkg.com/popper.js/-/popper.js-1.12.5.tgz#229e4dea01629e1f1a1e26991ffade5024220fa6"

tinycolor2@^1.0.0, tinycolor2@^1.4.1:
  version "1.4.1"
  resolved "https://registry.yarnpkg.com/tinycolor2/-/tinycolor2-1.4.1.tgz#f4fad333447bc0b07d4dc8e9209d8f39a8ac77e8"

tinygradient@^0.3.1:
  version "0.3.1"
  resolved "https://registry.yarnpkg.com/tinygradient/-/tinygradient-0.3.1.tgz#2d9e4fbe348c497ed11e287a4336835b3fd11022"
  dependencies:
    tinycolor2 "^1.0.0"
